
Microsoft Visual Studio Solution File, Format Version 12.00
# Visual Studio Version 16
VisualStudioVersion = 16.0.30907.101
MinimumVisualStudioVersion = 10.0.40219.1
Project("{FAE04EC0-301F-11D3-BF4B-00C04F79EFBC}") = "ENVE204COMPPROJECT1", "ENVE204COMPPROJECT1\ENVE204COMPPROJECT1.csproj", "{912E6590-0392-4469-9B41-8BBF36ECBD24}"
EndProject
Global
	GlobalSection(SolutionConfigurationPlatforms) = preSolution
		Debug|Any CPU = Debug|Any CPU
		Release|Any CPU = Release|Any CPU
	EndGlobalSection
	GlobalSection(ProjectConfigurationPlatforms) = postSolution
		{912E6590-0392-4469-9B41-8BBF36ECBD24}.Debug|Any CPU.ActiveCfg = Debug|Any CPU
		{912E6590-0392-4469-9B41-8BBF36ECBD24}.Debug|Any CPU.Build.0 = Debug|Any CPU
		{912E6590-0392-4469-9B41-8BBF36ECBD24}.Release|Any CPU.ActiveCfg = Release|Any CPU
		{912E6590-0392-4469-9B41-8BBF36ECBD24}.Release|Any CPU.Build.0 = Release|Any CPU
	EndGlobalSection
	GlobalSection(SolutionProperties) = preSolution
		HideSolutionNode = FALSE
	EndGlobalSection
	GlobalSection(ExtensibilityGlobals) = postSolution
		SolutionGuid = {182A00E3-CEE8-4772-90BB-E711EC35306E}
	EndGlobalSection
EndGlobal
